
Microsoft Visual Studio Solution File, Format Version 12.00
# Visual Studio 15
VisualStudioVersion = 15.0.27130.2027
MinimumVisualStudioVersion = 10.0.40219.1
Project("{FAE04EC0-301F-11D3-BF4B-00C04F79EFBC}") = "FastCustom", "FastCustom\FastCustom.csproj", "{A91EB0A9-DD95-46DE-8441-EA1F80AB64CB}"
EndProject
Global
	GlobalSection(SolutionConfigurationPlatforms) = preSolution
		Debug|Any CPU = Debug|Any CPU
		Release|Any CPU = Release|Any CPU
	EndGlobalSection
	GlobalSection(ProjectConfigurationPlatforms) = postSolution
		{A91EB0A9-DD95-46DE-8441-EA1F80AB64CB}.Debug|Any CPU.ActiveCfg = Debug|Any CPU
		{A91EB0A9-DD95-46DE-8441-EA1F80AB64CB}.Debug|Any CPU.Build.0 = Debug|Any CPU
		{A91EB0A9-DD95-46DE-8441-EA1F80AB64CB}.Release|Any CPU.ActiveCfg = Release|Any CPU
		{A91EB0A9-DD95-46DE-8441-EA1F80AB64CB}.Release|Any CPU.Build.0 = Release|Any CPU
	EndGlobalSection
	GlobalSection(SolutionProperties) = preSolution
		HideSolutionNode = FALSE
	EndGlobalSection
	GlobalSection(ExtensibilityGlobals) = postSolution
		SolutionGuid = {5B46B2D0-39B3-4A9F-AEA6-155FBE6DB2E0}
	EndGlobalSection
EndGlobal
